
Microsoft Visual Studio Solution File, Format Version 12.00
# Visual Studio Version 16
VisualStudioVersion = 16.0.29411.108
MinimumVisualStudioVersion = 10.0.40219.1
Project("{FAE04EC0-301F-11D3-BF4B-00C04F79EFBC}") = "Capitulo2", "Capitulo2\Capitulo2.csproj", "{D11D80A2-4C47-47B7-BA91-1A5D7CF7F8A4}"
EndProject
Global
	GlobalSection(SolutionConfigurationPlatforms) = preSolution
		Debug|Any CPU = Debug|Any CPU
		Release|Any CPU = Release|Any CPU
	EndGlobalSection
	GlobalSection(ProjectConfigurationPlatforms) = postSolution
		{D11D80A2-4C47-47B7-BA91-1A5D7CF7F8A4}.Debug|Any CPU.ActiveCfg = Debug|Any CPU
		{D11D80A2-4C47-47B7-BA91-1A5D7CF7F8A4}.Debug|Any CPU.Build.0 = Debug|Any CPU
		{D11D80A2-4C47-47B7-BA91-1A5D7CF7F8A4}.Release|Any CPU.ActiveCfg = Release|Any CPU
		{D11D80A2-4C47-47B7-BA91-1A5D7CF7F8A4}.Release|Any CPU.Build.0 = Release|Any CPU
	EndGlobalSection
	GlobalSection(SolutionProperties) = preSolution
		HideSolutionNode = FALSE
	EndGlobalSection
	GlobalSection(ExtensibilityGlobals) = postSolution
		SolutionGuid = {6CDC3F6B-7559-4A54-A757-02830F8B0C6C}
	EndGlobalSection
EndGlobal
